
Microsoft Visual Studio Solution File, Format Version 12.00
# Visual Studio Version 17
VisualStudioVersion = 17.11.35312.102
MinimumVisualStudioVersion = 10.0.40219.1
Project("{9A19103F-16F7-4668-BE54-9A1E7A4F7556}") = "BigIntegerGMP2", "BigIntegerGMP2\BigIntegerGMP2.csproj", "{75C3D1ED-164F-4D13-86B7-B3C9B990BA8B}"
EndProject
Project("{FAE04EC0-301F-11D3-BF4B-00C04F79EFBC}") = "Tests", "Tests\Tests.csproj", "{7BA935E4-6BA3-4AFF-B69C-9208369B779A}"
EndProject
Project("{2150E333-8FDC-42A3-9474-1A3956D46DE8}") = "Addins", "Addins", "{4A3AF586-4537-4EC7-BC16-88C9EB843F47}"
EndProject
Project("{FAE04EC0-301F-11D3-BF4B-00C04F79EFBC}") = "RSAFactoring", "Addins\RSAFactoring\RSAFactoring.csproj", "{0D0B2A12-4B17-4644-A51B-ACD9BA71FF4E}"
EndProject
Global
	GlobalSection(SolutionConfigurationPlatforms) = preSolution
		Debug|Any CPU = Debug|Any CPU
		Debug-MemoryLoad|Any CPU = Debug-MemoryLoad|Any CPU
		Release|Any CPU = Release|Any CPU
		Release-MemoryLoad|Any CPU = Release-MemoryLoad|Any CPU
	EndGlobalSection
	GlobalSection(ProjectConfigurationPlatforms) = postSolution
		{75C3D1ED-164F-4D13-86B7-B3C9B990BA8B}.Debug|Any CPU.ActiveCfg = Debug|Any CPU
		{75C3D1ED-164F-4D13-86B7-B3C9B990BA8B}.Debug|Any CPU.Build.0 = Debug|Any CPU
		{75C3D1ED-164F-4D13-86B7-B3C9B990BA8B}.Debug-MemoryLoad|Any CPU.ActiveCfg = Debug-MemoryLoad|Any CPU
		{75C3D1ED-164F-4D13-86B7-B3C9B990BA8B}.Debug-MemoryLoad|Any CPU.Build.0 = Debug-MemoryLoad|Any CPU
		{75C3D1ED-164F-4D13-86B7-B3C9B990BA8B}.Release|Any CPU.ActiveCfg = Release|Any CPU
		{75C3D1ED-164F-4D13-86B7-B3C9B990BA8B}.Release|Any CPU.Build.0 = Release|Any CPU
		{75C3D1ED-164F-4D13-86B7-B3C9B990BA8B}.Release-MemoryLoad|Any CPU.ActiveCfg = Release-MemoryLoad|Any CPU
		{75C3D1ED-164F-4D13-86B7-B3C9B990BA8B}.Release-MemoryLoad|Any CPU.Build.0 = Release-MemoryLoad|Any CPU
		{7BA935E4-6BA3-4AFF-B69C-9208369B779A}.Debug|Any CPU.ActiveCfg = Debug|Any CPU
		{7BA935E4-6BA3-4AFF-B69C-9208369B779A}.Debug|Any CPU.Build.0 = Debug|Any CPU
		{7BA935E4-6BA3-4AFF-B69C-9208369B779A}.Debug-MemoryLoad|Any CPU.ActiveCfg = Debug-MemoryLoad|Any CPU
		{7BA935E4-6BA3-4AFF-B69C-9208369B779A}.Debug-MemoryLoad|Any CPU.Build.0 = Debug-MemoryLoad|Any CPU
		{7BA935E4-6BA3-4AFF-B69C-9208369B779A}.Release|Any CPU.ActiveCfg = Release|Any CPU
		{7BA935E4-6BA3-4AFF-B69C-9208369B779A}.Release|Any CPU.Build.0 = Release|Any CPU
		{7BA935E4-6BA3-4AFF-B69C-9208369B779A}.Release-MemoryLoad|Any CPU.ActiveCfg = Release|Any CPU
		{7BA935E4-6BA3-4AFF-B69C-9208369B779A}.Release-MemoryLoad|Any CPU.Build.0 = Release|Any CPU
		{0D0B2A12-4B17-4644-A51B-ACD9BA71FF4E}.Debug|Any CPU.ActiveCfg = Debug|Any CPU
		{0D0B2A12-4B17-4644-A51B-ACD9BA71FF4E}.Debug|Any CPU.Build.0 = Debug|Any CPU
		{0D0B2A12-4B17-4644-A51B-ACD9BA71FF4E}.Debug-MemoryLoad|Any CPU.ActiveCfg = Debug|Any CPU
		{0D0B2A12-4B17-4644-A51B-ACD9BA71FF4E}.Debug-MemoryLoad|Any CPU.Build.0 = Debug|Any CPU
		{0D0B2A12-4B17-4644-A51B-ACD9BA71FF4E}.Release|Any CPU.ActiveCfg = Release|Any CPU
		{0D0B2A12-4B17-4644-A51B-ACD9BA71FF4E}.Release|Any CPU.Build.0 = Release|Any CPU
		{0D0B2A12-4B17-4644-A51B-ACD9BA71FF4E}.Release-MemoryLoad|Any CPU.ActiveCfg = Release|Any CPU
		{0D0B2A12-4B17-4644-A51B-ACD9BA71FF4E}.Release-MemoryLoad|Any CPU.Build.0 = Release|Any CPU
	EndGlobalSection
	GlobalSection(SolutionProperties) = preSolution
		HideSolutionNode = FALSE
	EndGlobalSection
	GlobalSection(NestedProjects) = preSolution
		{0D0B2A12-4B17-4644-A51B-ACD9BA71FF4E} = {4A3AF586-4537-4EC7-BC16-88C9EB843F47}
	EndGlobalSection
	GlobalSection(ExtensibilityGlobals) = postSolution
		SolutionGuid = {D6C25BB2-4973-4200-999E-C7308CF812DE}
	EndGlobalSection
EndGlobal
